// !$*UTF8*$!
{
	archiveVersion = 1;
	classes = {
	};
	objectVersion = 50;
	objects = {

/* Begin PBXBuildFile section */
		442AA029225C08ED00CF8C8E /* AudioSystem.Channel.swift in Sources */ = {isa = PBXBuildFile; fileRef = 442AA028225C08ED00CF8C8E /* AudioSystem.Channel.swift */; };
		4455B35B21D59308002F0426 /* ModuleSiteViewController.swift in Sources */ = {isa = PBXBuildFile; fileRef = 4455B35A21D59308002F0426 /* ModuleSiteViewController.swift */; };
		4455B35D21D5932E002F0426 /* ModuleCoordinator.swift in Sources */ = {isa = PBXBuildFile; fileRef = 4455B35C21D5932E002F0426 /* ModuleCoordinator.swift */; };
		4455B35F21D59996002F0426 /* SourceViewController.swift in Sources */ = {isa = PBXBuildFile; fileRef = 4455B35E21D59996002F0426 /* SourceViewController.swift */; };
		4455B36121D599A6002F0426 /* REPLViewController.swift in Sources */ = {isa = PBXBuildFile; fileRef = 4455B36021D599A6002F0426 /* REPLViewController.swift */; };
		4455B36321D7D768002F0426 /* Transport.swift in Sources */ = {isa = PBXBuildFile; fileRef = 4455B36221D7D768002F0426 /* Transport.swift */; };
		445F6A9B21738F1500E4419A /* ManagedAudioUnitInstance.swift in Sources */ = {isa = PBXBuildFile; fileRef = 445F6A9A21738F1500E4419A /* ManagedAudioUnitInstance.swift */; };
		445F6A9D2174D67F00E4419A /* ConnectionRegistry.swift in Sources */ = {isa = PBXBuildFile; fileRef = 445F6A9C2174D67F00E4419A /* ConnectionRegistry.swift */; };
		445F6A9F2175627300E4419A /* AudioUnitParameterUnit+.swift in Sources */ = {isa = PBXBuildFile; fileRef = 445F6A9E2175627300E4419A /* AudioUnitParameterUnit+.swift */; };
		445F6AA22176AB8300E4419A /* AudioSystemTests.swift in Sources */ = {isa = PBXBuildFile; fileRef = 445F6AA12176AB8300E4419A /* AudioSystemTests.swift */; };
		445F6AA4218146E200E4419A /* LevelMeterView.swift in Sources */ = {isa = PBXBuildFile; fileRef = 445F6AA3218146E200E4419A /* LevelMeterView.swift */; };
		446730F72237102D0032CD18 /* RenderOptionsViewController.swift in Sources */ = {isa = PBXBuildFile; fileRef = 446730F62237102D0032CD18 /* RenderOptionsViewController.swift */; };
		446730FA223E9D200032CD18 /* RenderProgressViewController.swift in Sources */ = {isa = PBXBuildFile; fileRef = 446730F9223E9D200032CD18 /* RenderProgressViewController.swift */; };
		446730FC22429AE40032CD18 /* AudioBufferExtensions.swift in Sources */ = {isa = PBXBuildFile; fileRef = 446730FB22429AE40032CD18 /* AudioBufferExtensions.swift */; };
		4467310022429C060032CD18 /* AudioBufferExtensionTests.swift in Sources */ = {isa = PBXBuildFile; fileRef = 446730FF22429C060032CD18 /* AudioBufferExtensionTests.swift */; };
		4467310222429F1C0032CD18 /* TrailingSilence.swift in Sources */ = {isa = PBXBuildFile; fileRef = 4467310122429F1C0032CD18 /* TrailingSilence.swift */; };
		4467310422429FB50032CD18 /* TrailingSilenceTests.swift in Sources */ = {isa = PBXBuildFile; fileRef = 4467310322429FB50032CD18 /* TrailingSilenceTests.swift */; };
		447219512169014800B15AC0 /* AppDelegate.swift in Sources */ = {isa = PBXBuildFile; fileRef = 447219502169014800B15AC0 /* AppDelegate.swift */; };
		447219532169014800B15AC0 /* ViewController.swift in Sources */ = {isa = PBXBuildFile; fileRef = 447219522169014800B15AC0 /* ViewController.swift */; };
		447219552169014800B15AC0 /* World.swift in Sources */ = {isa = PBXBuildFile; fileRef = 447219542169014800B15AC0 /* World.swift */; };
		447219572169014C00B15AC0 /* Assets.xcassets in Resources */ = {isa = PBXBuildFile; fileRef = 447219562169014C00B15AC0 /* Assets.xcassets */; };
		4472195A2169014C00B15AC0 /* Main.storyboard in Resources */ = {isa = PBXBuildFile; fileRef = 447219582169014C00B15AC0 /* Main.storyboard */; };
		447219662169014C00B15AC0 /* PlinkTests.swift in Sources */ = {isa = PBXBuildFile; fileRef = 447219652169014C00B15AC0 /* PlinkTests.swift */; };
		447219762169087200B15AC0 /* WorkspaceViewController.swift in Sources */ = {isa = PBXBuildFile; fileRef = 447219752169087200B15AC0 /* WorkspaceViewController.swift */; };
		447219792169096800B15AC0 /* NSViewController+.swift in Sources */ = {isa = PBXBuildFile; fileRef = 447219782169096800B15AC0 /* NSViewController+.swift */; };
		4472197E21690BA200B15AC0 /* TransportViewController.swift in Sources */ = {isa = PBXBuildFile; fileRef = 4472197D21690BA200B15AC0 /* TransportViewController.swift */; };
		4472198021690D6200B15AC0 /* MixerViewController.swift in Sources */ = {isa = PBXBuildFile; fileRef = 4472197F21690D6200B15AC0 /* MixerViewController.swift */; };
		4472198721690F2A00B15AC0 /* MixerAddStripCollectionViewItem.xib in Resources */ = {isa = PBXBuildFile; fileRef = 4472198321690F2A00B15AC0 /* MixerAddStripCollectionViewItem.xib */; };
		4472198821690F2A00B15AC0 /* OneButtonCollectionViewItem.swift in Sources */ = {isa = PBXBuildFile; fileRef = 4472198421690F2A00B15AC0 /* OneButtonCollectionViewItem.swift */; };
		4472198921690F2A00B15AC0 /* MixerStripCollectionViewItem.swift in Sources */ = {isa = PBXBuildFile; fileRef = 4472198521690F2A00B15AC0 /* MixerStripCollectionViewItem.swift */; };
		4472198A21690F2A00B15AC0 /* MixerStripCollectionViewItem.xib in Resources */ = {isa = PBXBuildFile; fileRef = 4472198621690F2A00B15AC0 /* MixerStripCollectionViewItem.xib */; };
		4472198C216A4EA500B15AC0 /* REPLView.swift in Sources */ = {isa = PBXBuildFile; fileRef = 4472198B216A4EA500B15AC0 /* REPLView.swift */; };
		4472198F216A50AC00B15AC0 /* ColorfulTextButton.swift in Sources */ = {isa = PBXBuildFile; fileRef = 4472198E216A50AC00B15AC0 /* ColorfulTextButton.swift */; };
		44721992216A51A700B15AC0 /* NSColor+AppSpecific.swift in Sources */ = {isa = PBXBuildFile; fileRef = 44721991216A51A700B15AC0 /* NSColor+AppSpecific.swift */; };
		44721996216A534B00B15AC0 /* CodeEngineDelegate.swift in Sources */ = {isa = PBXBuildFile; fileRef = 44721994216A534B00B15AC0 /* CodeEngineDelegate.swift */; };
		44721997216A534B00B15AC0 /* CodeLanguageEngine.swift in Sources */ = {isa = PBXBuildFile; fileRef = 44721995216A534B00B15AC0 /* CodeLanguageEngine.swift */; };
		4472199A216A543E00B15AC0 /* CodeEngineEnvironment.swift in Sources */ = {isa = PBXBuildFile; fileRef = 44721999216A543E00B15AC0 /* CodeEngineEnvironment.swift */; };
		4472199C216A546A00B15AC0 /* JSCoreCodeEngine.swift in Sources */ = {isa = PBXBuildFile; fileRef = 4472199B216A546A00B15AC0 /* JSCoreCodeEngine.swift */; };
		4472199E216A55A000B15AC0 /* CodeSystem.swift in Sources */ = {isa = PBXBuildFile; fileRef = 4472199D216A55A000B15AC0 /* CodeSystem.swift */; };
		447219A2216A593000B15AC0 /* TickTime.swift in Sources */ = {isa = PBXBuildFile; fileRef = 447219A1216A593000B15AC0 /* TickTime.swift */; };
		447219AC216A59BC00B15AC0 /* BasicAudioUnitInstance.swift in Sources */ = {isa = PBXBuildFile; fileRef = 447219A6216A59BC00B15AC0 /* BasicAudioUnitInstance.swift */; };
		447219AD216A59BC00B15AC0 /* AudioUnitComponentDescription+.swift in Sources */ = {isa = PBXBuildFile; fileRef = 447219A7216A59BC00B15AC0 /* AudioUnitComponentDescription+.swift */; };
		447219AE216A59BC00B15AC0 /* NSError+OSStatus.swift in Sources */ = {isa = PBXBuildFile; fileRef = 447219A8216A59BC00B15AC0 /* NSError+OSStatus.swift */; };
		447219AF216A59BC00B15AC0 /* AudioUnitGraph.swift in Sources */ = {isa = PBXBuildFile; fileRef = 447219A9216A59BC00B15AC0 /* AudioUnitGraph.swift */; };
		447219B0216A59BC00B15AC0 /* AudioStreamBasicDescription+.swift in Sources */ = {isa = PBXBuildFile; fileRef = 447219AA216A59BC00B15AC0 /* AudioStreamBasicDescription+.swift */; };
		447219B1216A59BC00B15AC0 /* AudioUnitComponent.swift in Sources */ = {isa = PBXBuildFile; fileRef = 447219AB216A59BC00B15AC0 /* AudioUnitComponent.swift */; };
		447219B3216A5A2900B15AC0 /* AudioUnitPreset.swift in Sources */ = {isa = PBXBuildFile; fileRef = 447219B2216A5A2900B15AC0 /* AudioUnitPreset.swift */; };
		447219B7216A5ADB00B15AC0 /* Metronome.swift in Sources */ = {isa = PBXBuildFile; fileRef = 447219B6216A5ADB00B15AC0 /* Metronome.swift */; };
		447219B9216A5C2D00B15AC0 /* AudioSystem.swift in Sources */ = {isa = PBXBuildFile; fileRef = 447219B8216A5C2D00B15AC0 /* AudioSystem.swift */; };
		447219BC216A5E5400B15AC0 /* ChannelJSWrapper.swift in Sources */ = {isa = PBXBuildFile; fileRef = 447219BB216A5E5400B15AC0 /* ChannelJSWrapper.swift */; };
		447219BE216A5E8F00B15AC0 /* UnitJSWrapper.swift in Sources */ = {isa = PBXBuildFile; fileRef = 447219BD216A5E8F00B15AC0 /* UnitJSWrapper.swift */; };
		447219C0216A5F9800B15AC0 /* MetronomeJSWrapper.swift in Sources */ = {isa = PBXBuildFile; fileRef = 447219BF216A5F9800B15AC0 /* MetronomeJSWrapper.swift */; };
		447219C3216AC89400B15AC0 /* AudioUnitListViewController.swift in Sources */ = {isa = PBXBuildFile; fileRef = 447219C2216AC89400B15AC0 /* AudioUnitListViewController.swift */; };
		447219C7216AC97700B15AC0 /* MixerStripNodeCollectionViewItem.swift in Sources */ = {isa = PBXBuildFile; fileRef = 447219C4216AC97700B15AC0 /* MixerStripNodeCollectionViewItem.swift */; };
		447219C8216AC97700B15AC0 /* MixerStripNodeCollectionViewItem.xib in Resources */ = {isa = PBXBuildFile; fileRef = 447219C5216AC97700B15AC0 /* MixerStripNodeCollectionViewItem.xib */; };
		447219C9216AC97700B15AC0 /* MixerStripAddNodeCollectionViewItem.xib in Resources */ = {isa = PBXBuildFile; fileRef = 447219C6216AC97700B15AC0 /* MixerStripAddNodeCollectionViewItem.xib */; };
		447219CB216AE2D800B15AC0 /* Scheduler.swift in Sources */ = {isa = PBXBuildFile; fileRef = 447219CA216AE2D800B15AC0 /* Scheduler.swift */; };
		447219CD216AE3E500B15AC0 /* SchedulerJSWrapper.swift in Sources */ = {isa = PBXBuildFile; fileRef = 447219CC216AE3E500B15AC0 /* SchedulerJSWrapper.swift */; };
		447219CF216AE9F700B15AC0 /* AudioSystemModel.swift in Sources */ = {isa = PBXBuildFile; fileRef = 447219CE216AE9F700B15AC0 /* AudioSystemModel.swift */; };
		447219D3216AEA0B00B15AC0 /* CodeSystemModel.swift in Sources */ = {isa = PBXBuildFile; fileRef = 447219D0216AEA0A00B15AC0 /* CodeSystemModel.swift */; };
		447219D4216AEA0B00B15AC0 /* MetronomeModel.swift in Sources */ = {isa = PBXBuildFile; fileRef = 447219D1216AEA0A00B15AC0 /* MetronomeModel.swift */; };
		447219D5216AEA0B00B15AC0 /* WorldModel.swift in Sources */ = {isa = PBXBuildFile; fileRef = 447219D2216AEA0A00B15AC0 /* WorldModel.swift */; };
		447219D8216BB46E00B15AC0 /* UnitGUIViewController.swift in Sources */ = {isa = PBXBuildFile; fileRef = 447219D7216BB46E00B15AC0 /* UnitGUIViewController.swift */; };
		447219DA216BB48100B15AC0 /* UnitParametersViewController.swift in Sources */ = {isa = PBXBuildFile; fileRef = 447219D9216BB48100B15AC0 /* UnitParametersViewController.swift */; };
		447219DC216BB77000B15AC0 /* UnitInterfaceViewController.swift in Sources */ = {isa = PBXBuildFile; fileRef = 447219DB216BB77000B15AC0 /* UnitInterfaceViewController.swift */; };
		447219E0216BBC6400B15AC0 /* AudioToolboxHelpers.m in Sources */ = {isa = PBXBuildFile; fileRef = 447219DE216BBC6400B15AC0 /* AudioToolboxHelpers.m */; };
		447219E3216CF46800B15AC0 /* test640x480.jpg in Resources */ = {isa = PBXBuildFile; fileRef = 447219E2216CF46800B15AC0 /* test640x480.jpg */; };
		449D697921DCB0DC0083DAE5 /* ScoreModel.swift in Sources */ = {isa = PBXBuildFile; fileRef = 449D697821DCB0DC0083DAE5 /* ScoreModel.swift */; };
		449D697C21DD66A50083DAE5 /* CueListViewController.swift in Sources */ = {isa = PBXBuildFile; fileRef = 449D697B21DD66A50083DAE5 /* CueListViewController.swift */; };
		449D697F21DD89E20083DAE5 /* TickTimeFormattingService.swift in Sources */ = {isa = PBXBuildFile; fileRef = 449D697E21DD89E20083DAE5 /* TickTimeFormattingService.swift */; };
		449D698221E0274F0083DAE5 /* PlayContext.swift in Sources */ = {isa = PBXBuildFile; fileRef = 449D698121E0274F0083DAE5 /* PlayContext.swift */; };
		449D698621E116410083DAE5 /* BidirectionalCollection+WithTime.swift in Sources */ = {isa = PBXBuildFile; fileRef = 449D698521E116410083DAE5 /* BidirectionalCollection+WithTime.swift */; };
		449D698A21E16DF50083DAE5 /* BidirectionalCollectionWithTimeTests.swift in Sources */ = {isa = PBXBuildFile; fileRef = 449D698921E16DF50083DAE5 /* BidirectionalCollectionWithTimeTests.swift */; };
		449D698F21E7C7030083DAE5 /* DocumentFormatMigration.swift in Sources */ = {isa = PBXBuildFile; fileRef = 449D698E21E7C7030083DAE5 /* DocumentFormatMigration.swift */; };
		449D699221EA52890083DAE5 /* ScoreModelTests.swift in Sources */ = {isa = PBXBuildFile; fileRef = 449D699121EA52890083DAE5 /* ScoreModelTests.swift */; };
		449D699521EB6AD70083DAE5 /* CycleListViewController.swift in Sources */ = {isa = PBXBuildFile; fileRef = 449D699421EB6AD70083DAE5 /* CycleListViewController.swift */; };
		449D699821EB74280083DAE5 /* ScoreItemListViewController.swift in Sources */ = {isa = PBXBuildFile; fileRef = 449D699721EB74280083DAE5 /* ScoreItemListViewController.swift */; };
		449D699A21F2A9CE0083DAE5 /* NSDraggingInfo+modernisation.swift in Sources */ = {isa = PBXBuildFile; fileRef = 449D699921F2A9CE0083DAE5 /* NSDraggingInfo+modernisation.swift */; };
		449D699D21F3785A0083DAE5 /* StereoPair.swift in Sources */ = {isa = PBXBuildFile; fileRef = 449D699C21F3785A0083DAE5 /* StereoPair.swift */; };
		449D69A021F6459C0083DAE5 /* AudioBufferConsumer.swift in Sources */ = {isa = PBXBuildFile; fileRef = 449D699F21F6459C0083DAE5 /* AudioBufferConsumer.swift */; };
		449D69A221F6490B0083DAE5 /* AudioBufferFileRecorder.swift in Sources */ = {isa = PBXBuildFile; fileRef = 449D69A121F6490B0083DAE5 /* AudioBufferFileRecorder.swift */; };
		44A768FA226162DB00ED2B69 /* WorkspaceWindowController.swift in Sources */ = {isa = PBXBuildFile; fileRef = 44A768F9226162DB00ED2B69 /* WorkspaceWindowController.swift */; };
		44AAF6FC21B5B9E600F5F394 /* AudioUnitInstance.swift in Sources */ = {isa = PBXBuildFile; fileRef = 44AAF6FB21B5B9E600F5F394 /* AudioUnitInstance.swift */; };
		44AAF6FE21BF314B00F5F394 /* AudioUnitInstanceParameterInfo.swift in Sources */ = {isa = PBXBuildFile; fileRef = 44AAF6FD21BF314A00F5F394 /* AudioUnitInstanceParameterInfo.swift */; };
		44ED396E21849B5A00CB15B4 /* NSRect+composable.swift in Sources */ = {isa = PBXBuildFile; fileRef = 44ED396D21849B5A00CB15B4 /* NSRect+composable.swift */; };
		44ED39722184A6CE00CB15B4 /* NSRect+ComposableTests.swift in Sources */ = {isa = PBXBuildFile; fileRef = 44ED39712184A6CE00CB15B4 /* NSRect+ComposableTests.swift */; };
		44ED3974218755DC00CB15B4 /* WithTime.swift in Sources */ = {isa = PBXBuildFile; fileRef = 44ED3973218755DB00CB15B4 /* WithTime.swift */; };
		44ED39782187590A00CB15B4 /* MIDINote.swift in Sources */ = {isa = PBXBuildFile; fileRef = 44ED39762187590A00CB15B4 /* MIDINote.swift */; };
		44ED39792187590A00CB15B4 /* MIDIEvent.swift in Sources */ = {isa = PBXBuildFile; fileRef = 44ED39772187590A00CB15B4 /* MIDIEvent.swift */; };
		44ED397D218764E700CB15B4 /* LookaheadIterator.swift in Sources */ = {isa = PBXBuildFile; fileRef = 44ED397B218764E700CB15B4 /* LookaheadIterator.swift */; };
		44ED397E218764E700CB15B4 /* Merge2.swift in Sources */ = {isa = PBXBuildFile; fileRef = 44ED397C218764E700CB15B4 /* Merge2.swift */; };
		44ED39802187661600CB15B4 /* MIDINoteJSWrapper.swift in Sources */ = {isa = PBXBuildFile; fileRef = 44ED397F2187661600CB15B4 /* MIDINoteJSWrapper.swift */; };
/* End PBXBuildFile section */

/* Begin PBXContainerItemProxy section */
		447219622169014C00B15AC0 /* PBXContainerItemProxy */ = {
			isa = PBXContainerItemProxy;
			containerPortal = 447219452169014700B15AC0 /* Project object */;
			proxyType = 1;
			remoteGlobalIDString = 4472194C2169014700B15AC0;
			remoteInfo = Plink;
		};
/* End PBXContainerItemProxy section */

/* Begin PBXFileReference section */
		442AA028225C08ED00CF8C8E /* AudioSystem.Channel.swift */ = {isa = PBXFileReference; lastKnownFileType = sourcecode.swift; path = AudioSystem.Channel.swift; sourceTree = "<group>"; };
		4455B35A21D59308002F0426 /* ModuleSiteViewController.swift */ = {isa = PBXFileReference; lastKnownFileType = sourcecode.swift; path = ModuleSiteViewController.swift; sourceTree = "<group>"; };
		4455B35C21D5932E002F0426 /* ModuleCoordinator.swift */ = {isa = PBXFileReference; lastKnownFileType = sourcecode.swift; path = ModuleCoordinator.swift; sourceTree = "<group>"; };
		4455B35E21D59996002F0426 /* SourceViewController.swift */ = {isa = PBXFileReference; lastKnownFileType = sourcecode.swift; path = SourceViewController.swift; sourceTree = "<group>"; };
		4455B36021D599A6002F0426 /* REPLViewController.swift */ = {isa = PBXFileReference; lastKnownFileType = sourcecode.swift; path = REPLViewController.swift; sourceTree = "<group>"; };
		4455B36221D7D768002F0426 /* Transport.swift */ = {isa = PBXFileReference; lastKnownFileType = sourcecode.swift; path = Transport.swift; sourceTree = "<group>"; };
		445F6A9A21738F1500E4419A /* ManagedAudioUnitInstance.swift */ = {isa = PBXFileReference; lastKnownFileType = sourcecode.swift; path = ManagedAudioUnitInstance.swift; sourceTree = "<group>"; };
		445F6A9C2174D67F00E4419A /* ConnectionRegistry.swift */ = {isa = PBXFileReference; lastKnownFileType = sourcecode.swift; path = ConnectionRegistry.swift; sourceTree = "<group>"; };
		445F6A9E2175627300E4419A /* AudioUnitParameterUnit+.swift */ = {isa = PBXFileReference; lastKnownFileType = sourcecode.swift; path = "AudioUnitParameterUnit+.swift"; sourceTree = "<group>"; };
		445F6AA12176AB8300E4419A /* AudioSystemTests.swift */ = {isa = PBXFileReference; fileEncoding = 4; lastKnownFileType = sourcecode.swift; path = AudioSystemTests.swift; sourceTree = "<group>"; };
		445F6AA3218146E200E4419A /* LevelMeterView.swift */ = {isa = PBXFileReference; lastKnownFileType = sourcecode.swift; path = LevelMeterView.swift; sourceTree = "<group>"; };
		446730F62237102D0032CD18 /* RenderOptionsViewController.swift */ = {isa = PBXFileReference; lastKnownFileType = sourcecode.swift; path = RenderOptionsViewController.swift; sourceTree = "<group>"; };
		446730F9223E9D200032CD18 /* RenderProgressViewController.swift */ = {isa = PBXFileReference; lastKnownFileType = sourcecode.swift; path = RenderProgressViewController.swift; sourceTree = "<group>"; };
		446730FB22429AE40032CD18 /* AudioBufferExtensions.swift */ = {isa = PBXFileReference; lastKnownFileType = sourcecode.swift; path = AudioBufferExtensions.swift; sourceTree = "<group>"; };
		446730FF22429C060032CD18 /* AudioBufferExtensionTests.swift */ = {isa = PBXFileReference; lastKnownFileType = sourcecode.swift; path = AudioBufferExtensionTests.swift; sourceTree = "<group>"; };
		4467310122429F1C0032CD18 /* TrailingSilence.swift */ = {isa = PBXFileReference; lastKnownFileType = sourcecode.swift; path = TrailingSilence.swift; sourceTree = "<group>"; };
		4467310322429FB50032CD18 /* TrailingSilenceTests.swift */ = {isa = PBXFileReference; lastKnownFileType = sourcecode.swift; path = TrailingSilenceTests.swift; sourceTree = "<group>"; };
		4472194D2169014700B15AC0 /* Plink.app */ = {isa = PBXFileReference; explicitFileType = wrapper.application; includeInIndex = 0; path = Plink.app; sourceTree = BUILT_PRODUCTS_DIR; };
		447219502169014800B15AC0 /* AppDelegate.swift */ = {isa = PBXFileReference; lastKnownFileType = sourcecode.swift; path = AppDelegate.swift; sourceTree = "<group>"; };
		447219522169014800B15AC0 /* ViewController.swift */ = {isa = PBXFileReference; lastKnownFileType = sourcecode.swift; path = ViewController.swift; sourceTree = "<group>"; };
		447219542169014800B15AC0 /* World.swift */ = {isa = PBXFileReference; lastKnownFileType = sourcecode.swift; path = World.swift; sourceTree = "<group>"; };
		447219562169014C00B15AC0 /* Assets.xcassets */ = {isa = PBXFileReference; lastKnownFileType = folder.assetcatalog; path = Assets.xcassets; sourceTree = "<group>"; };
		447219592169014C00B15AC0 /* Base */ = {isa = PBXFileReference; lastKnownFileType = file.storyboard; name = Base; path = Base.lproj/Main.storyboard; sourceTree = "<group>"; };
		4472195B2169014C00B15AC0 /* Info.plist */ = {isa = PBXFileReference; lastKnownFileType = text.plist.xml; path = Info.plist; sourceTree = "<group>"; };
		4472195C2169014C00B15AC0 /* Plink.entitlements */ = {isa = PBXFileReference; lastKnownFileType = text.plist.entitlements; path = Plink.entitlements; sourceTree = "<group>"; };
		447219612169014C00B15AC0 /* PlinkTests.xctest */ = {isa = PBXFileReference; explicitFileType = wrapper.cfbundle; includeInIndex = 0; path = PlinkTests.xctest; sourceTree = BUILT_PRODUCTS_DIR; };
		447219652169014C00B15AC0 /* PlinkTests.swift */ = {isa = PBXFileReference; lastKnownFileType = sourcecode.swift; path = PlinkTests.swift; sourceTree = "<group>"; };
		447219672169014C00B15AC0 /* Info.plist */ = {isa = PBXFileReference; lastKnownFileType = text.plist.xml; path = Info.plist; sourceTree = "<group>"; };
		447219752169087200B15AC0 /* WorkspaceViewController.swift */ = {isa = PBXFileReference; lastKnownFileType = sourcecode.swift; path = WorkspaceViewController.swift; sourceTree = "<group>"; };
		447219782169096800B15AC0 /* NSViewController+.swift */ = {isa = PBXFileReference; lastKnownFileType = sourcecode.swift; path = "NSViewController+.swift"; sourceTree = "<group>"; };
		4472197D21690BA200B15AC0 /* TransportViewController.swift */ = {isa = PBXFileReference; lastKnownFileType = sourcecode.swift; path = TransportViewController.swift; sourceTree = "<group>"; };
		4472197F21690D6200B15AC0 /* MixerViewController.swift */ = {isa = PBXFileReference; lastKnownFileType = sourcecode.swift; path = MixerViewController.swift; sourceTree = "<group>"; };
		4472198321690F2A00B15AC0 /* MixerAddStripCollectionViewItem.xib */ = {isa = PBXFileReference; fileEncoding = 4; lastKnownFileType = file.xib; path = MixerAddStripCollectionViewItem.xib; sourceTree = "<group>"; };
		4472198421690F2A00B15AC0 /* OneButtonCollectionViewItem.swift */ = {isa = PBXFileReference; fileEncoding = 4; lastKnownFileType = sourcecode.swift; path = OneButtonCollectionViewItem.swift; sourceTree = "<group>"; };
		4472198521690F2A00B15AC0 /* MixerStripCollectionViewItem.swift */ = {isa = PBXFileReference; fileEncoding = 4; lastKnownFileType = sourcecode.swift; path = MixerStripCollectionViewItem.swift; sourceTree = "<group>"; };
		4472198621690F2A00B15AC0 /* MixerStripCollectionViewItem.xib */ = {isa = PBXFileReference; fileEncoding = 4; lastKnownFileType = file.xib; path = MixerStripCollectionViewItem.xib; sourceTree = "<group>"; };
		4472198B216A4EA500B15AC0 /* REPLView.swift */ = {isa = PBXFileReference; fileEncoding = 4; lastKnownFileType = sourcecode.swift; path = REPLView.swift; sourceTree = "<group>"; };
		4472198E216A50AC00B15AC0 /* ColorfulTextButton.swift */ = {isa = PBXFileReference; fileEncoding = 4; lastKnownFileType = sourcecode.swift; path = ColorfulTextButton.swift; sourceTree = "<group>"; };
		44721991216A51A700B15AC0 /* NSColor+AppSpecific.swift */ = {isa = PBXFileReference; fileEncoding = 4; lastKnownFileType = sourcecode.swift; path = "NSColor+AppSpecific.swift"; sourceTree = "<group>"; };
		44721994216A534B00B15AC0 /* CodeEngineDelegate.swift */ = {isa = PBXFileReference; fileEncoding = 4; lastKnownFileType = sourcecode.swift; path = CodeEngineDelegate.swift; sourceTree = "<group>"; };
		44721995216A534B00B15AC0 /* CodeLanguageEngine.swift */ = {isa = PBXFileReference; fileEncoding = 4; lastKnownFileType = sourcecode.swift; path = CodeLanguageEngine.swift; sourceTree = "<group>"; };
		44721999216A543E00B15AC0 /* CodeEngineEnvironment.swift */ = {isa = PBXFileReference; fileEncoding = 4; lastKnownFileType = sourcecode.swift; path = CodeEngineEnvironment.swift; sourceTree = "<group>"; };
		4472199B216A546A00B15AC0 /* JSCoreCodeEngine.swift */ = {isa = PBXFileReference; fileEncoding = 4; lastKnownFileType = sourcecode.swift; path = JSCoreCodeEngine.swift; sourceTree = "<group>"; };
		4472199D216A55A000B15AC0 /* CodeSystem.swift */ = {isa = PBXFileReference; lastKnownFileType = sourcecode.swift; path = CodeSystem.swift; sourceTree = "<group>"; };
		447219A1216A593000B15AC0 /* TickTime.swift */ = {isa = PBXFileReference; fileEncoding = 4; lastKnownFileType = sourcecode.swift; path = TickTime.swift; sourceTree = "<group>"; };
		447219A6216A59BC00B15AC0 /* BasicAudioUnitInstance.swift */ = {isa = PBXFileReference; fileEncoding = 4; lastKnownFileType = sourcecode.swift; path = BasicAudioUnitInstance.swift; sourceTree = "<group>"; };
		447219A7216A59BC00B15AC0 /* AudioUnitComponentDescription+.swift */ = {isa = PBXFileReference; fileEncoding = 4; lastKnownFileType = sourcecode.swift; path = "AudioUnitComponentDescription+.swift"; sourceTree = "<group>"; };
		447219A8216A59BC00B15AC0 /* NSError+OSStatus.swift */ = {isa = PBXFileReference; fileEncoding = 4; lastKnownFileType = sourcecode.swift; path = "NSError+OSStatus.swift"; sourceTree = "<group>"; };
		447219A9216A59BC00B15AC0 /* AudioUnitGraph.swift */ = {isa = PBXFileReference; fileEncoding = 4; lastKnownFileType = sourcecode.swift; path = AudioUnitGraph.swift; sourceTree = "<group>"; };
		447219AA216A59BC00B15AC0 /* AudioStreamBasicDescription+.swift */ = {isa = PBXFileReference; fileEncoding = 4; lastKnownFileType = sourcecode.swift; path = "AudioStreamBasicDescription+.swift"; sourceTree = "<group>"; };
		447219AB216A59BC00B15AC0 /* AudioUnitComponent.swift */ = {isa = PBXFileReference; fileEncoding = 4; lastKnownFileType = sourcecode.swift; path = AudioUnitComponent.swift; sourceTree = "<group>"; };
		447219B2216A5A2900B15AC0 /* AudioUnitPreset.swift */ = {isa = PBXFileReference; fileEncoding = 4; lastKnownFileType = sourcecode.swift; path = AudioUnitPreset.swift; sourceTree = "<group>"; };
		447219B6216A5ADB00B15AC0 /* Metronome.swift */ = {isa = PBXFileReference; fileEncoding = 4; lastKnownFileType = sourcecode.swift; path = Metronome.swift; sourceTree = "<group>"; };
		447219B8216A5C2D00B15AC0 /* AudioSystem.swift */ = {isa = PBXFileReference; lastKnownFileType = sourcecode.swift; path = AudioSystem.swift; sourceTree = "<group>"; };
		447219BB216A5E5400B15AC0 /* ChannelJSWrapper.swift */ = {isa = PBXFileReference; lastKnownFileType = sourcecode.swift; path = ChannelJSWrapper.swift; sourceTree = "<group>"; };
		447219BD216A5E8F00B15AC0 /* UnitJSWrapper.swift */ = {isa = PBXFileReference; lastKnownFileType = sourcecode.swift; path = UnitJSWrapper.swift; sourceTree = "<group>"; };
		447219BF216A5F9800B15AC0 /* MetronomeJSWrapper.swift */ = {isa = PBXFileReference; lastKnownFileType = sourcecode.swift; path = MetronomeJSWrapper.swift; sourceTree = "<group>"; };
		447219C2216AC89400B15AC0 /* AudioUnitListViewController.swift */ = {isa = PBXFileReference; fileEncoding = 4; lastKnownFileType = sourcecode.swift; path = AudioUnitListViewController.swift; sourceTree = "<group>"; };
		447219C4216AC97700B15AC0 /* MixerStripNodeCollectionViewItem.swift */ = {isa = PBXFileReference; fileEncoding = 4; lastKnownFileType = sourcecode.swift; path = MixerStripNodeCollectionViewItem.swift; sourceTree = "<group>"; };
		447219C5216AC97700B15AC0 /* MixerStripNodeCollectionViewItem.xib */ = {isa = PBXFileReference; fileEncoding = 4; lastKnownFileType = file.xib; path = MixerStripNodeCollectionViewItem.xib; sourceTree = "<group>"; };
		447219C6216AC97700B15AC0 /* MixerStripAddNodeCollectionViewItem.xib */ = {isa = PBXFileReference; fileEncoding = 4; lastKnownFileType = file.xib; path = MixerStripAddNodeCollectionViewItem.xib; sourceTree = "<group>"; };
		447219CA216AE2D800B15AC0 /* Scheduler.swift */ = {isa = PBXFileReference; fileEncoding = 4; lastKnownFileType = sourcecode.swift; path = Scheduler.swift; sourceTree = "<group>"; };
		447219CC216AE3E500B15AC0 /* SchedulerJSWrapper.swift */ = {isa = PBXFileReference; lastKnownFileType = sourcecode.swift; path = SchedulerJSWrapper.swift; sourceTree = "<group>"; };
		447219CE216AE9F700B15AC0 /* AudioSystemModel.swift */ = {isa = PBXFileReference; fileEncoding = 4; lastKnownFileType = sourcecode.swift; path = AudioSystemModel.swift; sourceTree = "<group>"; };
		447219D0216AEA0A00B15AC0 /* CodeSystemModel.swift */ = {isa = PBXFileReference; fileEncoding = 4; lastKnownFileType = sourcecode.swift; path = CodeSystemModel.swift; sourceTree = "<group>"; };
		447219D1216AEA0A00B15AC0 /* MetronomeModel.swift */ = {isa = PBXFileReference; fileEncoding = 4; lastKnownFileType = sourcecode.swift; path = MetronomeModel.swift; sourceTree = "<group>"; };
		447219D2216AEA0A00B15AC0 /* WorldModel.swift */ = {isa = PBXFileReference; fileEncoding = 4; lastKnownFileType = sourcecode.swift; path = WorldModel.swift; sourceTree = "<group>"; };
		447219D7216BB46E00B15AC0 /* UnitGUIViewController.swift */ = {isa = PBXFileReference; lastKnownFileType = sourcecode.swift; path = UnitGUIViewController.swift; sourceTree = "<group>"; };
		447219D9216BB48100B15AC0 /* UnitParametersViewController.swift */ = {isa = PBXFileReference; lastKnownFileType = sourcecode.swift; path = UnitParametersViewController.swift; sourceTree = "<group>"; };
		447219DB216BB77000B15AC0 /* UnitInterfaceViewController.swift */ = {isa = PBXFileReference; lastKnownFileType = sourcecode.swift; path = UnitInterfaceViewController.swift; sourceTree = "<group>"; };
		447219DD216BBC6200B15AC0 /* Plink-Bridging-Header.h */ = {isa = PBXFileReference; lastKnownFileType = sourcecode.c.h; path = "Plink-Bridging-Header.h"; sourceTree = "<group>"; };
		447219DE216BBC6400B15AC0 /* AudioToolboxHelpers.m */ = {isa = PBXFileReference; fileEncoding = 4; lastKnownFileType = sourcecode.c.objc; path = AudioToolboxHelpers.m; sourceTree = "<group>"; };
		447219DF216BBC6400B15AC0 /* AudioToolboxHelpers.h */ = {isa = PBXFileReference; fileEncoding = 4; lastKnownFileType = sourcecode.c.h; path = AudioToolboxHelpers.h; sourceTree = "<group>"; };
		447219E2216CF46800B15AC0 /* test640x480.jpg */ = {isa = PBXFileReference; lastKnownFileType = image.jpeg; path = test640x480.jpg; sourceTree = "<group>"; };
		449D697821DCB0DC0083DAE5 /* ScoreModel.swift */ = {isa = PBXFileReference; lastKnownFileType = sourcecode.swift; path = ScoreModel.swift; sourceTree = "<group>"; };
		449D697B21DD66A50083DAE5 /* CueListViewController.swift */ = {isa = PBXFileReference; lastKnownFileType = sourcecode.swift; path = CueListViewController.swift; sourceTree = "<group>"; };
		449D697E21DD89E20083DAE5 /* TickTimeFormattingService.swift */ = {isa = PBXFileReference; lastKnownFileType = sourcecode.swift; path = TickTimeFormattingService.swift; sourceTree = "<group>"; };
		449D698121E0274F0083DAE5 /* PlayContext.swift */ = {isa = PBXFileReference; lastKnownFileType = sourcecode.swift; path = PlayContext.swift; sourceTree = "<group>"; };
		449D698521E116410083DAE5 /* BidirectionalCollection+WithTime.swift */ = {isa = PBXFileReference; lastKnownFileType = sourcecode.swift; path = "BidirectionalCollection+WithTime.swift"; sourceTree = "<group>"; };
		449D698921E16DF50083DAE5 /* BidirectionalCollectionWithTimeTests.swift */ = {isa = PBXFileReference; lastKnownFileType = sourcecode.swift; path = BidirectionalCollectionWithTimeTests.swift; sourceTree = "<group>"; };
		449D698E21E7C7030083DAE5 /* DocumentFormatMigration.swift */ = {isa = PBXFileReference; lastKnownFileType = sourcecode.swift; path = DocumentFormatMigration.swift; sourceTree = "<group>"; };
		449D699121EA52890083DAE5 /* ScoreModelTests.swift */ = {isa = PBXFileReference; lastKnownFileType = sourcecode.swift; path = ScoreModelTests.swift; sourceTree = "<group>"; };
		449D699421EB6AD70083DAE5 /* CycleListViewController.swift */ = {isa = PBXFileReference; lastKnownFileType = sourcecode.swift; path = CycleListViewController.swift; sourceTree = "<group>"; };
		449D699721EB74280083DAE5 /* ScoreItemListViewController.swift */ = {isa = PBXFileReference; lastKnownFileType = sourcecode.swift; path = ScoreItemListViewController.swift; sourceTree = "<group>"; };
		449D699921F2A9CE0083DAE5 /* NSDraggingInfo+modernisation.swift */ = {isa = PBXFileReference; lastKnownFileType = sourcecode.swift; path = "NSDraggingInfo+modernisation.swift"; sourceTree = "<group>"; };
		449D699C21F3785A0083DAE5 /* StereoPair.swift */ = {isa = PBXFileReference; lastKnownFileType = sourcecode.swift; path = StereoPair.swift; sourceTree = "<group>"; };
		449D699F21F6459C0083DAE5 /* AudioBufferConsumer.swift */ = {isa = PBXFileReference; lastKnownFileType = sourcecode.swift; path = AudioBufferConsumer.swift; sourceTree = "<group>"; };
		449D69A121F6490B0083DAE5 /* AudioBufferFileRecorder.swift */ = {isa = PBXFileReference; lastKnownFileType = sourcecode.swift; path = AudioBufferFileRecorder.swift; sourceTree = "<group>"; };
		44A768F9226162DB00ED2B69 /* WorkspaceWindowController.swift */ = {isa = PBXFileReference; lastKnownFileType = sourcecode.swift; path = WorkspaceWindowController.swift; sourceTree = "<group>"; };
		44AAF6FB21B5B9E600F5F394 /* AudioUnitInstance.swift */ = {isa = PBXFileReference; lastKnownFileType = sourcecode.swift; path = AudioUnitInstance.swift; sourceTree = "<group>"; };
		44AAF6FD21BF314A00F5F394 /* AudioUnitInstanceParameterInfo.swift */ = {isa = PBXFileReference; lastKnownFileType = sourcecode.swift; path = AudioUnitInstanceParameterInfo.swift; sourceTree = "<group>"; };
		44ED396D21849B5A00CB15B4 /* NSRect+composable.swift */ = {isa = PBXFileReference; lastKnownFileType = sourcecode.swift; path = "NSRect+composable.swift"; sourceTree = "<group>"; };
		44ED39712184A6CE00CB15B4 /* NSRect+ComposableTests.swift */ = {isa = PBXFileReference; lastKnownFileType = sourcecode.swift; path = "NSRect+ComposableTests.swift"; sourceTree = "<group>"; };
		44ED3973218755DB00CB15B4 /* WithTime.swift */ = {isa = PBXFileReference; lastKnownFileType = sourcecode.swift; path = WithTime.swift; sourceTree = "<group>"; };
		44ED39762187590A00CB15B4 /* MIDINote.swift */ = {isa = PBXFileReference; fileEncoding = 4; lastKnownFileType = sourcecode.swift; path = MIDINote.swift; sourceTree = "<group>"; };
		44ED39772187590A00CB15B4 /* MIDIEvent.swift */ = {isa = PBXFileReference; fileEncoding = 4; lastKnownFileType = sourcecode.swift; path = MIDIEvent.swift; sourceTree = "<group>"; };
		44ED397B218764E700CB15B4 /* LookaheadIterator.swift */ = {isa = PBXFileReference; fileEncoding = 4; lastKnownFileType = sourcecode.swift; path = LookaheadIterator.swift; sourceTree = "<group>"; };
		44ED397C218764E700CB15B4 /* Merge2.swift */ = {isa = PBXFileReference; fileEncoding = 4; lastKnownFileType = sourcecode.swift; path = Merge2.swift; sourceTree = "<group>"; };
		44ED397F2187661600CB15B4 /* MIDINoteJSWrapper.swift */ = {isa = PBXFileReference; lastKnownFileType = sourcecode.swift; path = MIDINoteJSWrapper.swift; sourceTree = "<group>"; };
/* End PBXFileReference section */

/* Begin PBXFrameworksBuildPhase section */
		4472194A2169014700B15AC0 /* Frameworks */ = {
			isa = PBXFrameworksBuildPhase;
			buildActionMask = 2147483647;
			files = (
			);
			runOnlyForDeploymentPostprocessing = 0;
		};
		4472195E2169014C00B15AC0 /* Frameworks */ = {
			isa = PBXFrameworksBuildPhase;
			buildActionMask = 2147483647;
			files = (
			);
			runOnlyForDeploymentPostprocessing = 0;
		};
/* End PBXFrameworksBuildPhase section */

/* Begin PBXGroup section */
		442AA027225C075A00CF8C8E /* Audio */ = {
			isa = PBXGroup;
			children = (
				447219B8216A5C2D00B15AC0 /* AudioSystem.swift */,
				442AA028225C08ED00CF8C8E /* AudioSystem.Channel.swift */,
				445F6A9A21738F1500E4419A /* ManagedAudioUnitInstance.swift */,
			);
			path = Audio;
			sourceTree = "<group>";
		};
		4455B35921D592CB002F0426 /* ModuleManagement */ = {
			isa = PBXGroup;
			children = (
				4455B35A21D59308002F0426 /* ModuleSiteViewController.swift */,
				4455B35C21D5932E002F0426 /* ModuleCoordinator.swift */,
			);
			path = ModuleManagement;
			sourceTree = "<group>";
		};
		445F6AA02176AB5B00E4419A /* World */ = {
			isa = PBXGroup;
			children = (
				445F6AA12176AB8300E4419A /* AudioSystemTests.swift */,
			);
			path = World;
			sourceTree = "<group>";
		};
		446730F8223E9CF00032CD18 /* Rendering */ = {
			isa = PBXGroup;
			children = (
				446730F62237102D0032CD18 /* RenderOptionsViewController.swift */,
				446730F9223E9D200032CD18 /* RenderProgressViewController.swift */,
			);
			path = Rendering;
			sourceTree = "<group>";
		};
		446730FD22429BDF0032CD18 /* Audio */ = {
			isa = PBXGroup;
			children = (
				446730FE22429BEA0032CD18 /* utility */,
			);
			path = Audio;
			sourceTree = "<group>";
		};
		446730FE22429BEA0032CD18 /* utility */ = {
			isa = PBXGroup;
			children = (
				446730FF22429C060032CD18 /* AudioBufferExtensionTests.swift */,
				4467310322429FB50032CD18 /* TrailingSilenceTests.swift */,
			);
			path = utility;
			sourceTree = "<group>";
		};
		447219442169014700B15AC0 = {
			isa = PBXGroup;
			children = (
				4472194F2169014700B15AC0 /* Plink */,
				447219642169014C00B15AC0 /* PlinkTests */,
				4472194E2169014700B15AC0 /* Products */,
			);
			sourceTree = "<group>";
		};
		4472194E2169014700B15AC0 /* Products */ = {
			isa = PBXGroup;
			children = (
				4472194D2169014700B15AC0 /* Plink.app */,
				447219612169014C00B15AC0 /* PlinkTests.xctest */,
			);
			name = Products;
			sourceTree = "<group>";
		};
		4472194F2169014700B15AC0 /* Plink */ = {
			isa = PBXGroup;
			children = (
				447219E1216CF42A00B15AC0 /* diagnostics */,
				44721972216904BF00B15AC0 /* World */,
				447219702169049000B15AC0 /* Executive */,
				449D698021E027210083DAE5 /* Performance */,
				447219732169055800B15AC0 /* Data Model */,
				447219712169049A00B15AC0 /* UI */,
				4472199F216A586800B15AC0 /* Library */,
				447219502169014800B15AC0 /* AppDelegate.swift */,
				447219522169014800B15AC0 /* ViewController.swift */,
				447219562169014C00B15AC0 /* Assets.xcassets */,
				447219582169014C00B15AC0 /* Main.storyboard */,
				4472195B2169014C00B15AC0 /* Info.plist */,
				4472195C2169014C00B15AC0 /* Plink.entitlements */,
			);
			path = Plink;
			sourceTree = "<group>";
		};
		447219642169014C00B15AC0 /* PlinkTests */ = {
			isa = PBXGroup;
			children = (
				445F6AA02176AB5B00E4419A /* World */,
				449D699021EA52660083DAE5 /* Data Model */,
				44ED396F2184A60F00CB15B4 /* UI */,
				449D698721E16BDF0083DAE5 /* Library */,
				447219652169014C00B15AC0 /* PlinkTests.swift */,
				447219672169014C00B15AC0 /* Info.plist */,
			);
			path = PlinkTests;
			sourceTree = "<group>";
		};
		447219702169049000B15AC0 /* Executive */ = {
			isa = PBXGroup;
			children = (
				44721993216A531900B15AC0 /* Code */,
			);
			path = Executive;
			sourceTree = "<group>";
		};
		447219712169049A00B15AC0 /* UI */ = {
			isa = PBXGroup;
			children = (
				449D697D21DD89C00083DAE5 /* Services */,
				4455B35921D592CB002F0426 /* ModuleManagement */,
				44721990216A50DD00B15AC0 /* Settings */,
				44721974216906FB00B15AC0 /* WorkspaceView */,
				446730F8223E9CF00032CD18 /* Rendering */,
				4472197B21690B6700B15AC0 /* Transport */,
				4472197A21690B5E00B15AC0 /* Mixer */,
				4472197C21690B6E00B15AC0 /* Code */,
				449D699621EB73930083DAE5 /* Score Item Lists */,
				447219C1216AC86F00B15AC0 /* AudioUnitList */,
				447219D6216BAC7800B15AC0 /* UnitInterface */,
				4472198D216A509700B15AC0 /* components */,
				447219772169094A00B15AC0 /* utility */,
			);
			path = UI;
			sourceTree = "<group>";
		};
		44721972216904BF00B15AC0 /* World */ = {
			isa = PBXGroup;
			children = (
				442AA027225C075A00CF8C8E /* Audio */,
				447219542169014800B15AC0 /* World.swift */,
				4472199D216A55A000B15AC0 /* CodeSystem.swift */,
				447219B6216A5ADB00B15AC0 /* Metronome.swift */,
				4455B36221D7D768002F0426 /* Transport.swift */,
				447219CA216AE2D800B15AC0 /* Scheduler.swift */,
			);
			path = World;
			sourceTree = "<group>";
		};
		447219732169055800B15AC0 /* Data Model */ = {
			isa = PBXGroup;
			children = (
				449D698D21E7B96B0083DAE5 /* Migrations */,
				447219D2216AEA0A00B15AC0 /* WorldModel.swift */,
				447219CE216AE9F700B15AC0 /* AudioSystemModel.swift */,
				447219D0216AEA0A00B15AC0 /* CodeSystemModel.swift */,
				447219D1216AEA0A00B15AC0 /* MetronomeModel.swift */,
				449D697821DCB0DC0083DAE5 /* ScoreModel.swift */,
			);
			path = "Data Model";
			sourceTree = "<group>";
		};
		44721974216906FB00B15AC0 /* WorkspaceView */ = {
			isa = PBXGroup;
			children = (
				447219752169087200B15AC0 /* WorkspaceViewController.swift */,
				44A768F9226162DB00ED2B69 /* WorkspaceWindowController.swift */,
			);
			path = WorkspaceView;
			sourceTree = "<group>";
		};
		447219772169094A00B15AC0 /* utility */ = {
			isa = PBXGroup;
			children = (
				447219782169096800B15AC0 /* NSViewController+.swift */,
				445F6A9C2174D67F00E4419A /* ConnectionRegistry.swift */,
				44ED396D21849B5A00CB15B4 /* NSRect+composable.swift */,
				449D699921F2A9CE0083DAE5 /* NSDraggingInfo+modernisation.swift */,
			);
			path = utility;
			sourceTree = "<group>";
		};
		4472197A21690B5E00B15AC0 /* Mixer */ = {
			isa = PBXGroup;
			children = (
				4472197F21690D6200B15AC0 /* MixerViewController.swift */,
				4472198321690F2A00B15AC0 /* MixerAddStripCollectionViewItem.xib */,
				4472198521690F2A00B15AC0 /* MixerStripCollectionViewItem.swift */,
				4472198621690F2A00B15AC0 /* MixerStripCollectionViewItem.xib */,
				447219C6216AC97700B15AC0 /* MixerStripAddNodeCollectionViewItem.xib */,
				447219C4216AC97700B15AC0 /* MixerStripNodeCollectionViewItem.swift */,
				447219C5216AC97700B15AC0 /* MixerStripNodeCollectionViewItem.xib */,
				4472198421690F2A00B15AC0 /* OneButtonCollectionViewItem.swift */,
			);
			path = Mixer;
			sourceTree = "<group>";
		};
		4472197B21690B6700B15AC0 /* Transport */ = {
			isa = PBXGroup;
			children = (
				4472197D21690BA200B15AC0 /* TransportViewController.swift */,
			);
			path = Transport;
			sourceTree = "<group>";
		};
		4472197C21690B6E00B15AC0 /* Code */ = {
			isa = PBXGroup;
			children = (
				4455B35E21D59996002F0426 /* SourceViewController.swift */,
				4455B36021D599A6002F0426 /* REPLViewController.swift */,
				4472198B216A4EA500B15AC0 /* REPLView.swift */,
			);
			path = Code;
			sourceTree = "<group>";
		};
		4472198D216A509700B15AC0 /* components */ = {
			isa = PBXGroup;
			children = (
				4472198E216A50AC00B15AC0 /* ColorfulTextButton.swift */,
				445F6AA3218146E200E4419A /* LevelMeterView.swift */,
			);
			path = components;
			sourceTree = "<group>";
		};
		44721990216A50DD00B15AC0 /* Settings */ = {
			isa = PBXGroup;
			children = (
				44721991216A51A700B15AC0 /* NSColor+AppSpecific.swift */,
			);
			path = Settings;
			sourceTree = "<group>";
		};
		44721993216A531900B15AC0 /* Code */ = {
			isa = PBXGroup;
			children = (
				44721998216A535900B15AC0 /* JSCore */,
				44721994216A534B00B15AC0 /* CodeEngineDelegate.swift */,
				44721995216A534B00B15AC0 /* CodeLanguageEngine.swift */,
				44721999216A543E00B15AC0 /* CodeEngineEnvironment.swift */,
			);
			path = Code;
			sourceTree = "<group>";
		};
		44721998216A535900B15AC0 /* JSCore */ = {
			isa = PBXGroup;
			children = (
				4472199B216A546A00B15AC0 /* JSCoreCodeEngine.swift */,
				447219BA216A5E3D00B15AC0 /* Wrappers */,
			);
			path = JSCore;
			sourceTree = "<group>";
		};
		4472199F216A586800B15AC0 /* Library */ = {
			isa = PBXGroup;
			children = (
				44ED397A218764D400CB15B4 /* Iterator */,
				447219A0216A592500B15AC0 /* Time */,
				447219A3216A598400B15AC0 /* Audio */,
				44ED3975218758D200CB15B4 /* MIDI */,
			);
			path = Library;
			sourceTree = "<group>";
		};
		447219A0216A592500B15AC0 /* Time */ = {
			isa = PBXGroup;
			children = (
				447219A1216A593000B15AC0 /* TickTime.swift */,
				44ED3973218755DB00CB15B4 /* WithTime.swift */,
				449D698521E116410083DAE5 /* BidirectionalCollection+WithTime.swift */,
			);
			path = Time;
			sourceTree = "<group>";
		};
		447219A3216A598400B15AC0 /* Audio */ = {
			isa = PBXGroup;
			children = (
				449D699B21F378430083DAE5 /* utility */,
				449D699E21F63FEB0083DAE5 /* Recording */,
				447219A4216A599C00B15AC0 /* AUv2 */,
			);
			path = Audio;
			sourceTree = "<group>";
		};
		447219A4216A599C00B15AC0 /* AUv2 */ = {
			isa = PBXGroup;
			children = (
				447219B2216A5A2900B15AC0 /* AudioUnitPreset.swift */,
				447219A5216A59BC00B15AC0 /* AudioUnit helpers */,
			);
			path = AUv2;
			sourceTree = "<group>";
		};
		447219A5216A59BC00B15AC0 /* AudioUnit helpers */ = {
			isa = PBXGroup;
			children = (
				447219DF216BBC6400B15AC0 /* AudioToolboxHelpers.h */,
				447219DE216BBC6400B15AC0 /* AudioToolboxHelpers.m */,
				44AAF6FB21B5B9E600F5F394 /* AudioUnitInstance.swift */,
				44AAF6FD21BF314A00F5F394 /* AudioUnitInstanceParameterInfo.swift */,
				447219A6216A59BC00B15AC0 /* BasicAudioUnitInstance.swift */,
				447219A7216A59BC00B15AC0 /* AudioUnitComponentDescription+.swift */,
				447219A8216A59BC00B15AC0 /* NSError+OSStatus.swift */,
				447219A9216A59BC00B15AC0 /* AudioUnitGraph.swift */,
				447219AA216A59BC00B15AC0 /* AudioStreamBasicDescription+.swift */,
				447219AB216A59BC00B15AC0 /* AudioUnitComponent.swift */,
				447219DD216BBC6200B15AC0 /* Plink-Bridging-Header.h */,
				445F6A9E2175627300E4419A /* AudioUnitParameterUnit+.swift */,
			);
			path = "AudioUnit helpers";
			sourceTree = "<group>";
		};
		447219BA216A5E3D00B15AC0 /* Wrappers */ = {
			isa = PBXGroup;
			children = (
				447219BB216A5E5400B15AC0 /* ChannelJSWrapper.swift */,
				447219BD216A5E8F00B15AC0 /* UnitJSWrapper.swift */,
				447219BF216A5F9800B15AC0 /* MetronomeJSWrapper.swift */,
				447219CC216AE3E500B15AC0 /* SchedulerJSWrapper.swift */,
				44ED397F2187661600CB15B4 /* MIDINoteJSWrapper.swift */,
			);
			path = Wrappers;
			sourceTree = "<group>";
		};
		447219C1216AC86F00B15AC0 /* AudioUnitList */ = {
			isa = PBXGroup;
			children = (
				447219C2216AC89400B15AC0 /* AudioUnitListViewController.swift */,
			);
			path = AudioUnitList;
			sourceTree = "<group>";
		};
		447219D6216BAC7800B15AC0 /* UnitInterface */ = {
			isa = PBXGroup;
			children = (
				447219DB216BB77000B15AC0 /* UnitInterfaceViewController.swift */,
				447219D7216BB46E00B15AC0 /* UnitGUIViewController.swift */,
				447219D9216BB48100B15AC0 /* UnitParametersViewController.swift */,
			);
			path = UnitInterface;
			sourceTree = "<group>";
		};
		447219E1216CF42A00B15AC0 /* diagnostics */ = {
			isa = PBXGroup;
			children = (
				447219E2216CF46800B15AC0 /* test640x480.jpg */,
			);
			path = diagnostics;
			sourceTree = "<group>";
		};
		449D697A21DD666E0083DAE5 /* CueList */ = {
			isa = PBXGroup;
			children = (
				449D697B21DD66A50083DAE5 /* CueListViewController.swift */,
			);
			path = CueList;
			sourceTree = "<group>";
		};
		449D697D21DD89C00083DAE5 /* Services */ = {
			isa = PBXGroup;
			children = (
				449D697E21DD89E20083DAE5 /* TickTimeFormattingService.swift */,
			);
			path = Services;
			sourceTree = "<group>";
		};
		449D698021E027210083DAE5 /* Performance */ = {
			isa = PBXGroup;
			children = (
				449D698121E0274F0083DAE5 /* PlayContext.swift */,
			);
			path = Performance;
			sourceTree = "<group>";
		};
		449D698721E16BDF0083DAE5 /* Library */ = {
			isa = PBXGroup;
			children = (
				446730FD22429BDF0032CD18 /* Audio */,
				449D698821E16BFD0083DAE5 /* Time */,
			);
			path = Library;
			sourceTree = "<group>";
		};
		449D698821E16BFD0083DAE5 /* Time */ = {
			isa = PBXGroup;
			children = (
				449D698921E16DF50083DAE5 /* BidirectionalCollectionWithTimeTests.swift */,
			);
			path = Time;
			sourceTree = "<group>";
		};
		449D698D21E7B96B0083DAE5 /* Migrations */ = {
			isa = PBXGroup;
			children = (
				449D698E21E7C7030083DAE5 /* DocumentFormatMigration.swift */,
			);
			path = Migrations;
			sourceTree = "<group>";
		};
		449D699021EA52660083DAE5 /* Data Model */ = {
			isa = PBXGroup;
			children = (
				449D699121EA52890083DAE5 /* ScoreModelTests.swift */,
			);
			path = "Data Model";
			sourceTree = "<group>";
		};
		449D699321EB6AB60083DAE5 /* CycleList */ = {
			isa = PBXGroup;
			children = (
				449D699421EB6AD70083DAE5 /* CycleListViewController.swift */,
			);
			path = CycleList;
			sourceTree = "<group>";
		};
		449D699621EB73930083DAE5 /* Score Item Lists */ = {
			isa = PBXGroup;
			children = (
				449D699721EB74280083DAE5 /* ScoreItemListViewController.swift */,
				449D697A21DD666E0083DAE5 /* CueList */,
				449D699321EB6AB60083DAE5 /* CycleList */,
			);
			path = "Score Item Lists";
			sourceTree = "<group>";
		};
		449D699B21F378430083DAE5 /* utility */ = {
			isa = PBXGroup;
			children = (
				449D699C21F3785A0083DAE5 /* StereoPair.swift */,
				446730FB22429AE40032CD18 /* AudioBufferExtensions.swift */,
				4467310122429F1C0032CD18 /* TrailingSilence.swift */,
			);
			path = utility;
			sourceTree = "<group>";
		};
		449D699E21F63FEB0083DAE5 /* Recording */ = {
			isa = PBXGroup;
			children = (
				449D699F21F6459C0083DAE5 /* AudioBufferConsumer.swift */,
				449D69A121F6490B0083DAE5 /* AudioBufferFileRecorder.swift */,
			);
			path = Recording;
			sourceTree = "<group>";
		};
		44ED396F2184A60F00CB15B4 /* UI */ = {
			isa = PBXGroup;
			children = (
				44ED39702184A61700CB15B4 /* utility */,
			);
			path = UI;
			sourceTree = "<group>";
		};
		44ED39702184A61700CB15B4 /* utility */ = {
			isa = PBXGroup;
			children = (
				44ED39712184A6CE00CB15B4 /* NSRect+ComposableTests.swift */,
			);
			path = utility;
			sourceTree = "<group>";
		};
		44ED3975218758D200CB15B4 /* MIDI */ = {
			isa = PBXGroup;
			children = (
				44ED39772187590A00CB15B4 /* MIDIEvent.swift */,
				44ED39762187590A00CB15B4 /* MIDINote.swift */,
			);
			path = MIDI;
			sourceTree = "<group>";
		};
		44ED397A218764D400CB15B4 /* Iterator */ = {
			isa = PBXGroup;
			children = (
				44ED397B218764E700CB15B4 /* LookaheadIterator.swift */,
				44ED397C218764E700CB15B4 /* Merge2.swift */,
			);
			path = Iterator;
			sourceTree = "<group>";
		};
/* End PBXGroup section */

/* Begin PBXNativeTarget section */
		4472194C2169014700B15AC0 /* Plink */ = {
			isa = PBXNativeTarget;
			buildConfigurationList = 4472196A2169014C00B15AC0 /* Build configuration list for PBXNativeTarget "Plink" */;
			buildPhases = (
				447219492169014700B15AC0 /* Sources */,
				4472194A2169014700B15AC0 /* Frameworks */,
				4472194B2169014700B15AC0 /* Resources */,
			);
			buildRules = (
			);
			dependencies = (
			);
			name = Plink;
			productName = Plink;
			productReference = 4472194D2169014700B15AC0 /* Plink.app */;
			productType = "com.apple.product-type.application";
		};
		447219602169014C00B15AC0 /* PlinkTests */ = {
			isa = PBXNativeTarget;
			buildConfigurationList = 4472196D2169014C00B15AC0 /* Build configuration list for PBXNativeTarget "PlinkTests" */;
			buildPhases = (
				4472195D2169014C00B15AC0 /* Sources */,
				4472195E2169014C00B15AC0 /* Frameworks */,
				4472195F2169014C00B15AC0 /* Resources */,
			);
			buildRules = (
			);
			dependencies = (
				447219632169014C00B15AC0 /* PBXTargetDependency */,
			);
			name = PlinkTests;
			productName = PlinkTests;
			productReference = 447219612169014C00B15AC0 /* PlinkTests.xctest */;
			productType = "com.apple.product-type.bundle.unit-test";
		};
/* End PBXNativeTarget section */

/* Begin PBXProject section */
		447219452169014700B15AC0 /* Project object */ = {
			isa = PBXProject;
			attributes = {
				LastSwiftUpdateCheck = 1000;
				LastUpgradeCheck = 1000;
				ORGANIZATIONNAME = Kineticfactory;
				TargetAttributes = {
					4472194C2169014700B15AC0 = {
						CreatedOnToolsVersion = 10.0;
						LastSwiftMigration = 1000;
						SystemCapabilities = {
							com.apple.Sandbox = {
								enabled = 0;
							};
						};
					};
					447219602169014C00B15AC0 = {
						CreatedOnToolsVersion = 10.0;
						TestTargetID = 4472194C2169014700B15AC0;
					};
				};
			};
			buildConfigurationList = 447219482169014700B15AC0 /* Build configuration list for PBXProject "Plink" */;
			compatibilityVersion = "Xcode 9.3";
			developmentRegion = en;
			hasScannedForEncodings = 0;
			knownRegions = (
				en,
				Base,
			);
			mainGroup = 447219442169014700B15AC0;
			productRefGroup = 4472194E2169014700B15AC0 /* Products */;
			projectDirPath = "";
			projectRoot = "";
			targets = (
				4472194C2169014700B15AC0 /* Plink */,
				447219602169014C00B15AC0 /* PlinkTests */,
			);
		};
/* End PBXProject section */

/* Begin PBXResourcesBuildPhase section */
		4472194B2169014700B15AC0 /* Resources */ = {
			isa = PBXResourcesBuildPhase;
			buildActionMask = 2147483647;
			files = (
				4472198A21690F2A00B15AC0 /* MixerStripCollectionViewItem.xib in Resources */,
				447219E3216CF46800B15AC0 /* test640x480.jpg in Resources */,
				447219572169014C00B15AC0 /* Assets.xcassets in Resources */,
				4472195A2169014C00B15AC0 /* Main.storyboard in Resources */,
				4472198721690F2A00B15AC0 /* MixerAddStripCollectionViewItem.xib in Resources */,
				447219C9216AC97700B15AC0 /* MixerStripAddNodeCollectionViewItem.xib in Resources */,
				447219C8216AC97700B15AC0 /* MixerStripNodeCollectionViewItem.xib in Resources */,
			);
			runOnlyForDeploymentPostprocessing = 0;
		};
		4472195F2169014C00B15AC0 /* Resources */ = {
			isa = PBXResourcesBuildPhase;
			buildActionMask = 2147483647;
			files = (
			);
			runOnlyForDeploymentPostprocessing = 0;
		};
/* End PBXResourcesBuildPhase section */

/* Begin PBXSourcesBuildPhase section */
		447219492169014700B15AC0 /* Sources */ = {
			isa = PBXSourcesBuildPhase;
			buildActionMask = 2147483647;
			files = (
				44ED39782187590A00CB15B4 /* MIDINote.swift in Sources */,
				4472198821690F2A00B15AC0 /* OneButtonCollectionViewItem.swift in Sources */,
				449D69A221F6490B0083DAE5 /* AudioBufferFileRecorder.swift in Sources */,
				446730FA223E9D200032CD18 /* RenderProgressViewController.swift in Sources */,
				447219AC216A59BC00B15AC0 /* BasicAudioUnitInstance.swift in Sources */,
				4455B35B21D59308002F0426 /* ModuleSiteViewController.swift in Sources */,
				447219532169014800B15AC0 /* ViewController.swift in Sources */,
				447219B3216A5A2900B15AC0 /* AudioUnitPreset.swift in Sources */,
				4472198F216A50AC00B15AC0 /* ColorfulTextButton.swift in Sources */,
				4455B36321D7D768002F0426 /* Transport.swift in Sources */,
				442AA029225C08ED00CF8C8E /* AudioSystem.Channel.swift in Sources */,
				447219D3216AEA0B00B15AC0 /* CodeSystemModel.swift in Sources */,
				449D699D21F3785A0083DAE5 /* StereoPair.swift in Sources */,
				4472198921690F2A00B15AC0 /* MixerStripCollectionViewItem.swift in Sources */,
				446730FC22429AE40032CD18 /* AudioBufferExtensions.swift in Sources */,
				447219C7216AC97700B15AC0 /* MixerStripNodeCollectionViewItem.swift in Sources */,
				44721997216A534B00B15AC0 /* CodeLanguageEngine.swift in Sources */,
				4472198C216A4EA500B15AC0 /* REPLView.swift in Sources */,
				4455B35D21D5932E002F0426 /* ModuleCoordinator.swift in Sources */,
				449D699821EB74280083DAE5 /* ScoreItemListViewController.swift in Sources */,
				4455B36121D599A6002F0426 /* REPLViewController.swift in Sources */,
				447219D8216BB46E00B15AC0 /* UnitGUIViewController.swift in Sources */,
				4467310222429F1C0032CD18 /* TrailingSilence.swift in Sources */,
				44A768FA226162DB00ED2B69 /* WorkspaceWindowController.swift in Sources */,
				447219AE216A59BC00B15AC0 /* NSError+OSStatus.swift in Sources */,
				44721996216A534B00B15AC0 /* CodeEngineDelegate.swift in Sources */,
				447219AD216A59BC00B15AC0 /* AudioUnitComponentDescription+.swift in Sources */,
				447219B1216A59BC00B15AC0 /* AudioUnitComponent.swift in Sources */,
				44ED397D218764E700CB15B4 /* LookaheadIterator.swift in Sources */,
				447219512169014800B15AC0 /* AppDelegate.swift in Sources */,
				447219792169096800B15AC0 /* NSViewController+.swift in Sources */,
				445F6AA4218146E200E4419A /* LevelMeterView.swift in Sources */,
				449D698F21E7C7030083DAE5 /* DocumentFormatMigration.swift in Sources */,
				4472199E216A55A000B15AC0 /* CodeSystem.swift in Sources */,
				447219DC216BB77000B15AC0 /* UnitInterfaceViewController.swift in Sources */,
				44AAF6FC21B5B9E600F5F394 /* AudioUnitInstance.swift in Sources */,
				447219BE216A5E8F00B15AC0 /* UnitJSWrapper.swift in Sources */,
				44721992216A51A700B15AC0 /* NSColor+AppSpecific.swift in Sources */,
				449D69A021F6459C0083DAE5 /* AudioBufferConsumer.swift in Sources */,
				449D698621E116410083DAE5 /* BidirectionalCollection+WithTime.swift in Sources */,
				447219E0216BBC6400B15AC0 /* AudioToolboxHelpers.m in Sources */,
				445F6A9D2174D67F00E4419A /* ConnectionRegistry.swift in Sources */,
				447219BC216A5E5400B15AC0 /* ChannelJSWrapper.swift in Sources */,
				4472198021690D6200B15AC0 /* MixerViewController.swift in Sources */,
				447219D4216AEA0B00B15AC0 /* MetronomeModel.swift in Sources */,
				44ED39802187661600CB15B4 /* MIDINoteJSWrapper.swift in Sources */,
				447219762169087200B15AC0 /* WorkspaceViewController.swift in Sources */,
				447219CF216AE9F700B15AC0 /* AudioSystemModel.swift in Sources */,
				447219A2216A593000B15AC0 /* TickTime.swift in Sources */,
				449D697921DCB0DC0083DAE5 /* ScoreModel.swift in Sources */,
				449D698221E0274F0083DAE5 /* PlayContext.swift in Sources */,
				447219B7216A5ADB00B15AC0 /* Metronome.swift in Sources */,
				4472199A216A543E00B15AC0 /* CodeEngineEnvironment.swift in Sources */,
				44ED397E218764E700CB15B4 /* Merge2.swift in Sources */,
				44ED39792187590A00CB15B4 /* MIDIEvent.swift in Sources */,
				44ED396E21849B5A00CB15B4 /* NSRect+composable.swift in Sources */,
				447219C0216A5F9800B15AC0 /* MetronomeJSWrapper.swift in Sources */,
				447219DA216BB48100B15AC0 /* UnitParametersViewController.swift in Sources */,
				445F6A9F2175627300E4419A /* AudioUnitParameterUnit+.swift in Sources */,
				44AAF6FE21BF314B00F5F394 /* AudioUnitInstanceParameterInfo.swift in Sources */,
				449D697C21DD66A50083DAE5 /* CueListViewController.swift in Sources */,
				445F6A9B21738F1500E4419A /* ManagedAudioUnitInstance.swift in Sources */,
				447219AF216A59BC00B15AC0 /* AudioUnitGraph.swift in Sources */,
				447219CB216AE2D800B15AC0 /* Scheduler.swift in Sources */,
				4455B35F21D59996002F0426 /* SourceViewController.swift in Sources */,
				447219B9216A5C2D00B15AC0 /* AudioSystem.swift in Sources */,
				449D699A21F2A9CE0083DAE5 /* NSDraggingInfo+modernisation.swift in Sources */,
				447219C3216AC89400B15AC0 /* AudioUnitListViewController.swift in Sources */,
				447219D5216AEA0B00B15AC0 /* WorldModel.swift in Sources */,
				449D699521EB6AD70083DAE5 /* CycleListViewController.swift in Sources */,
				447219B0216A59BC00B15AC0 /* AudioStreamBasicDescription+.swift in Sources */,
				449D697F21DD89E20083DAE5 /* TickTimeFormattingService.swift in Sources */,
				447219CD216AE3E500B15AC0 /* SchedulerJSWrapper.swift in Sources */,
				44ED3974218755DC00CB15B4 /* WithTime.swift in Sources */,
				446730F72237102D0032CD18 /* RenderOptionsViewController.swift in Sources */,
				4472197E21690BA200B15AC0 /* TransportViewController.swift in Sources */,
				4472199C216A546A00B15AC0 /* JSCoreCodeEngine.swift in Sources */,
				447219552169014800B15AC0 /* World.swift in Sources */,
			);
			runOnlyForDeploymentPostprocessing = 0;
		};
		4472195D2169014C00B15AC0 /* Sources */ = {
			isa = PBXSourcesBuildPhase;
			buildActionMask = 2147483647;
			files = (
				449D698A21E16DF50083DAE5 /* BidirectionalCollectionWithTimeTests.swift in Sources */,
				447219662169014C00B15AC0 /* PlinkTests.swift in Sources */,
				449D699221EA52890083DAE5 /* ScoreModelTests.swift in Sources */,
				445F6AA22176AB8300E4419A /* AudioSystemTests.swift in Sources */,
				4467310022429C060032CD18 /* AudioBufferExtensionTests.swift in Sources */,
				44ED39722184A6CE00CB15B4 /* NSRect+ComposableTests.swift in Sources */,
				4467310422429FB50032CD18 /* TrailingSilenceTests.swift in Sources */,
			);
			runOnlyForDeploymentPostprocessing = 0;
		};
/* End PBXSourcesBuildPhase section */

/* Begin PBXTargetDependency section */
		447219632169014C00B15AC0 /* PBXTargetDependency */ = {
			isa = PBXTargetDependency;
			target = 4472194C2169014700B15AC0 /* Plink */;
			targetProxy = 447219622169014C00B15AC0 /* PBXContainerItemProxy */;
		};
/* End PBXTargetDependency section */

/* Begin PBXVariantGroup section */
		447219582169014C00B15AC0 /* Main.storyboard */ = {
			isa = PBXVariantGroup;
			children = (
				447219592169014C00B15AC0 /* Base */,
			);
			name = Main.storyboard;
			sourceTree = "<group>";
		};
/* End PBXVariantGroup section */

/* Begin XCBuildConfiguration section */
		447219682169014C00B15AC0 /* Debug */ = {
			isa = XCBuildConfiguration;
			buildSettings = {
				ALWAYS_SEARCH_USER_PATHS = NO;
				CLANG_ANALYZER_NONNULL = YES;
				CLANG_ANALYZER_NUMBER_OBJECT_CONVERSION = YES_AGGRESSIVE;
				CLANG_CXX_LANGUAGE_STANDARD = "gnu++14";
				CLANG_CXX_LIBRARY = "libc++";
				CLANG_ENABLE_MODULES = YES;
				CLANG_ENABLE_OBJC_ARC = YES;
				CLANG_ENABLE_OBJC_WEAK = YES;
				CLANG_WARN_BLOCK_CAPTURE_AUTORELEASING = YES;
				CLANG_WARN_BOOL_CONVERSION = YES;
				CLANG_WARN_COMMA = YES;
				CLANG_WARN_CONSTANT_CONVERSION = YES;
				CLANG_WARN_DEPRECATED_OBJC_IMPLEMENTATIONS = YES;
				CLANG_WARN_DIRECT_OBJC_ISA_USAGE = YES_ERROR;
				CLANG_WARN_DOCUMENTATION_COMMENTS = YES;
				CLANG_WARN_EMPTY_BODY = YES;
				CLANG_WARN_ENUM_CONVERSION = YES;
				CLANG_WARN_INFINITE_RECURSION = YES;
				CLANG_WARN_INT_CONVERSION = YES;
				CLANG_WARN_NON_LITERAL_NULL_CONVERSION = YES;
				CLANG_WARN_OBJC_IMPLICIT_RETAIN_SELF = YES;
				CLANG_WARN_OBJC_LITERAL_CONVERSION = YES;
				CLANG_WARN_OBJC_ROOT_CLASS = YES_ERROR;
				CLANG_WARN_RANGE_LOOP_ANALYSIS = YES;
				CLANG_WARN_STRICT_PROTOTYPES = YES;
				CLANG_WARN_SUSPICIOUS_MOVE = YES;
				CLANG_WARN_UNGUARDED_AVAILABILITY = YES_AGGRESSIVE;
				CLANG_WARN_UNREACHABLE_CODE = YES;
				CLANG_WARN__DUPLICATE_METHOD_MATCH = YES;
				CODE_SIGN_IDENTITY = "Mac Developer";
				COPY_PHASE_STRIP = NO;
				DEBUG_INFORMATION_FORMAT = dwarf;
				ENABLE_STRICT_OBJC_MSGSEND = YES;
				ENABLE_TESTABILITY = YES;
				GCC_C_LANGUAGE_STANDARD = gnu11;
				GCC_DYNAMIC_NO_PIC = NO;
				GCC_NO_COMMON_BLOCKS = YES;
				GCC_OPTIMIZATION_LEVEL = 0;
				GCC_PREPROCESSOR_DEFINITIONS = (
					"DEBUG=1",
					"$(inherited)",
				);
				GCC_WARN_64_TO_32_BIT_CONVERSION = YES;
				GCC_WARN_ABOUT_RETURN_TYPE = YES_ERROR;
				GCC_WARN_UNDECLARED_SELECTOR = YES;
				GCC_WARN_UNINITIALIZED_AUTOS = YES_AGGRESSIVE;
				GCC_WARN_UNUSED_FUNCTION = YES;
				GCC_WARN_UNUSED_VARIABLE = YES;
				MACOSX_DEPLOYMENT_TARGET = 10.13;
				MTL_ENABLE_DEBUG_INFO = INCLUDE_SOURCE;
				MTL_FAST_MATH = YES;
				ONLY_ACTIVE_ARCH = YES;
				SDKROOT = macosx;
				SWIFT_ACTIVE_COMPILATION_CONDITIONS = DEBUG;
				SWIFT_OPTIMIZATION_LEVEL = "-Onone";
			};
			name = Debug;
		};
		447219692169014C00B15AC0 /* Release */ = {
			isa = XCBuildConfiguration;
			buildSettings = {
				ALWAYS_SEARCH_USER_PATHS = NO;
				CLANG_ANALYZER_NONNULL = YES;
				CLANG_ANALYZER_NUMBER_OBJECT_CONVERSION = YES_AGGRESSIVE;
				CLANG_CXX_LANGUAGE_STANDARD = "gnu++14";
				CLANG_CXX_LIBRARY = "libc++";
				CLANG_ENABLE_MODULES = YES;
				CLANG_ENABLE_OBJC_ARC = YES;
				CLANG_ENABLE_OBJC_WEAK = YES;
				CLANG_WARN_BLOCK_CAPTURE_AUTORELEASING = YES;
				CLANG_WARN_BOOL_CONVERSION = YES;
				CLANG_WARN_COMMA = YES;
				CLANG_WARN_CONSTANT_CONVERSION = YES;
				CLANG_WARN_DEPRECATED_OBJC_IMPLEMENTATIONS = YES;
				CLANG_WARN_DIRECT_OBJC_ISA_USAGE = YES_ERROR;
				CLANG_WARN_DOCUMENTATION_COMMENTS = YES;
				CLANG_WARN_EMPTY_BODY = YES;
				CLANG_WARN_ENUM_CONVERSION = YES;
				CLANG_WARN_INFINITE_RECURSION = YES;
				CLANG_WARN_INT_CONVERSION = YES;
				CLANG_WARN_NON_LITERAL_NULL_CONVERSION = YES;
				CLANG_WARN_OBJC_IMPLICIT_RETAIN_SELF = YES;
				CLANG_WARN_OBJC_LITERAL_CONVERSION = YES;
				CLANG_WARN_OBJC_ROOT_CLASS = YES_ERROR;
				CLANG_WARN_RANGE_LOOP_ANALYSIS = YES;
				CLANG_WARN_STRICT_PROTOTYPES = YES;
				CLANG_WARN_SUSPICIOUS_MOVE = YES;
				CLANG_WARN_UNGUARDED_AVAILABILITY = YES_AGGRESSIVE;
				CLANG_WARN_UNREACHABLE_CODE = YES;
				CLANG_WARN__DUPLICATE_METHOD_MATCH = YES;
				CODE_SIGN_IDENTITY = "Mac Developer";
				COPY_PHASE_STRIP = NO;
				DEBUG_INFORMATION_FORMAT = "dwarf-with-dsym";
				ENABLE_NS_ASSERTIONS = NO;
				ENABLE_STRICT_OBJC_MSGSEND = YES;
				GCC_C_LANGUAGE_STANDARD = gnu11;
				GCC_NO_COMMON_BLOCKS = YES;
				GCC_WARN_64_TO_32_BIT_CONVERSION = YES;
				GCC_WARN_ABOUT_RETURN_TYPE = YES_ERROR;
				GCC_WARN_UNDECLARED_SELECTOR = YES;
				GCC_WARN_UNINITIALIZED_AUTOS = YES_AGGRESSIVE;
				GCC_WARN_UNUSED_FUNCTION = YES;
				GCC_WARN_UNUSED_VARIABLE = YES;
				MACOSX_DEPLOYMENT_TARGET = 10.13;
				MTL_ENABLE_DEBUG_INFO = NO;
				MTL_FAST_MATH = YES;
				SDKROOT = macosx;
				SWIFT_COMPILATION_MODE = wholemodule;
				SWIFT_OPTIMIZATION_LEVEL = "-O";
			};
			name = Release;
		};
		4472196B2169014C00B15AC0 /* Debug */ = {
			isa = XCBuildConfiguration;
			buildSettings = {
				ASSETCATALOG_COMPILER_APPICON_NAME = AppIcon;
				CLANG_ENABLE_MODULES = YES;
				CODE_SIGN_STYLE = Automatic;
				COMBINE_HIDPI_IMAGES = YES;
				DEVELOPMENT_TEAM = RGZSVAB4M3;
				INFOPLIST_FILE = Plink/Info.plist;
				LD_RUNPATH_SEARCH_PATHS = (
					"$(inherited)",
					"@executable_path/../Frameworks",
				);
				PRODUCT_BUNDLE_IDENTIFIER = com.kineticfactory.Plink;
				PRODUCT_NAME = "$(TARGET_NAME)";
				SWIFT_OBJC_BRIDGING_HEADER = "Plink/Library/Audio/AUv2/AudioUnit helpers/Plink-Bridging-Header.h";
				SWIFT_OPTIMIZATION_LEVEL = "-Onone";
				SWIFT_VERSION = 4.2;
			};
			name = Debug;
		};
		4472196C2169014C00B15AC0 /* Release */ = {
			isa = XCBuildConfiguration;
			buildSettings = {
				ASSETCATALOG_COMPILER_APPICON_NAME = AppIcon;
				CLANG_ENABLE_MODULES = YES;
				CODE_SIGN_STYLE = Automatic;
				COMBINE_HIDPI_IMAGES = YES;
				DEVELOPMENT_TEAM = RGZSVAB4M3;
				INFOPLIST_FILE = Plink/Info.plist;
				LD_RUNPATH_SEARCH_PATHS = (
					"$(inherited)",
					"@executable_path/../Frameworks",
				);
				PRODUCT_BUNDLE_IDENTIFIER = com.kineticfactory.Plink;
				PRODUCT_NAME = "$(TARGET_NAME)";
				SWIFT_OBJC_BRIDGING_HEADER = "Plink/Library/Audio/AUv2/AudioUnit helpers/Plink-Bridging-Header.h";
				SWIFT_VERSION = 4.2;
			};
			name = Release;
		};
		4472196E2169014C00B15AC0 /* Debug */ = {
			isa = XCBuildConfiguration;
			buildSettings = {
				ALWAYS_EMBED_SWIFT_STANDARD_LIBRARIES = YES;
				BUNDLE_LOADER = "$(TEST_HOST)";
				CODE_SIGN_STYLE = Automatic;
				COMBINE_HIDPI_IMAGES = YES;
				DEVELOPMENT_TEAM = RGZSVAB4M3;
				INFOPLIST_FILE = PlinkTests/Info.plist;
				LD_RUNPATH_SEARCH_PATHS = (
					"$(inherited)",
					"@executable_path/../Frameworks",
					"@loader_path/../Frameworks",
				);
				PRODUCT_BUNDLE_IDENTIFIER = com.kineticfactory.PlinkTests;
				PRODUCT_NAME = "$(TARGET_NAME)";
				SWIFT_VERSION = 4.2;
				TEST_HOST = "$(BUILT_PRODUCTS_DIR)/Plink.app/Contents/MacOS/Plink";
			};
			name = Debug;
		};
		4472196F2169014C00B15AC0 /* Release */ = {
			isa = XCBuildConfiguration;
			buildSettings = {
				ALWAYS_EMBED_SWIFT_STANDARD_LIBRARIES = YES;
				BUNDLE_LOADER = "$(TEST_HOST)";
				CODE_SIGN_STYLE = Automatic;
				COMBINE_HIDPI_IMAGES = YES;
				DEVELOPMENT_TEAM = RGZSVAB4M3;
				INFOPLIST_FILE = PlinkTests/Info.plist;
				LD_RUNPATH_SEARCH_PATHS = (
					"$(inherited)",
					"@executable_path/../Frameworks",
					"@loader_path/../Frameworks",
				);
				PRODUCT_BUNDLE_IDENTIFIER = com.kineticfactory.PlinkTests;
				PRODUCT_NAME = "$(TARGET_NAME)";
				SWIFT_VERSION = 4.2;
				TEST_HOST = "$(BUILT_PRODUCTS_DIR)/Plink.app/Contents/MacOS/Plink";
			};
			name = Release;
		};
/* End XCBuildConfiguration section */

/* Begin XCConfigurationList section */
		447219482169014700B15AC0 /* Build configuration list for PBXProject "Plink" */ = {
			isa = XCConfigurationList;
			buildConfigurations = (
				447219682169014C00B15AC0 /* Debug */,
				447219692169014C00B15AC0 /* Release */,
			);
			defaultConfigurationIsVisible = 0;
			defaultConfigurationName = Release;
		};
		4472196A2169014C00B15AC0 /* Build configuration list for PBXNativeTarget "Plink" */ = {
			isa = XCConfigurationList;
			buildConfigurations = (
				4472196B2169014C00B15AC0 /* Debug */,
				4472196C2169014C00B15AC0 /* Release */,
			);
			defaultConfigurationIsVisible = 0;
			defaultConfigurationName = Release;
		};
		4472196D2169014C00B15AC0 /* Build configuration list for PBXNativeTarget "PlinkTests" */ = {
			isa = XCConfigurationList;
			buildConfigurations = (
				4472196E2169014C00B15AC0 /* Debug */,
				4472196F2169014C00B15AC0 /* Release */,
			);
			defaultConfigurationIsVisible = 0;
			defaultConfigurationName = Release;
		};
/* End XCConfigurationList section */
	};
	rootObject = 447219452169014700B15AC0 /* Project object */;
}
